// !$*UTF8*$!
{
	archiveVersion = 1;
	classes = {
	};
	objectVersion = 46;
	objects = {

/* Begin PBXBuildFile section */
		BF05035A1F48AF04003A8750 /* AppDelegate.swift in Sources */ = {isa = PBXBuildFile; fileRef = BF0503591F48AF04003A8750 /* AppDelegate.swift */; };
		BF05035C1F48AF04003A8750 /* ViewController.swift in Sources */ = {isa = PBXBuildFile; fileRef = BF05035B1F48AF04003A8750 /* ViewController.swift */; };
		BF05035F1F48AF04003A8750 /* Main.storyboard in Resources */ = {isa = PBXBuildFile; fileRef = BF05035D1F48AF04003A8750 /* Main.storyboard */; };
		BF0503611F48AF04003A8750 /* Assets.xcassets in Resources */ = {isa = PBXBuildFile; fileRef = BF0503601F48AF04003A8750 /* Assets.xcassets */; };
		BF0503641F48AF04003A8750 /* LaunchScreen.storyboard in Resources */ = {isa = PBXBuildFile; fileRef = BF0503621F48AF04003A8750 /* LaunchScreen.storyboard */; };
		BF05036D1F48B5A3003A8750 /* Pizza.swift in Sources */ = {isa = PBXBuildFile; fileRef = BF05036C1F48B5A3003A8750 /* Pizza.swift */; };
		BF05036F1F48B70D003A8750 /* PizzaSizeViewController.swift in Sources */ = {isa = PBXBuildFile; fileRef = BF05036E1F48B70D003A8750 /* PizzaSizeViewController.swift */; };
		BF0503791F48BF69003A8750 /* PizzaDoughViewController.swift in Sources */ = {isa = PBXBuildFile; fileRef = BF0503781F48BF69003A8750 /* PizzaDoughViewController.swift */; };
		BF05037B1F48C289003A8750 /* PizzaCheeseViewController.swift in Sources */ = {isa = PBXBuildFile; fileRef = BF05037A1F48C289003A8750 /* PizzaCheeseViewController.swift */; };
		BF05037D1F48C2CE003A8750 /* PizzaIngredientsViewController.swift in Sources */ = {isa = PBXBuildFile; fileRef = BF05037C1F48C2CE003A8750 /* PizzaIngredientsViewController.swift */; };
		BF05037F1F48C311003A8750 /* PizzaConfirmViewController.swift in Sources */ = {isa = PBXBuildFile; fileRef = BF05037E1F48C311003A8750 /* PizzaConfirmViewController.swift */; };
		BF05038D1F48D36A003A8750 /* AKRadioButtonsController.swift in Sources */ = {isa = PBXBuildFile; fileRef = BF05038C1F48D36A003A8750 /* AKRadioButtonsController.swift */; };
		BF05038F1F4927F9003A8750 /* CheckBox.swift in Sources */ = {isa = PBXBuildFile; fileRef = BF05038E1F4927F9003A8750 /* CheckBox.swift */; };
		BF86C9021F4D1AA300925D3B /* Interface.storyboard in Resources */ = {isa = PBXBuildFile; fileRef = BF86C9001F4D1AA300925D3B /* Interface.storyboard */; };
		BF86C9041F4D1AA300925D3B /* Assets.xcassets in Resources */ = {isa = PBXBuildFile; fileRef = BF86C9031F4D1AA300925D3B /* Assets.xcassets */; };
		BF86C90B1F4D1AA300925D3B /* PizzaWatchOs Extension.appex in Embed App Extensions */ = {isa = PBXBuildFile; fileRef = BF86C90A1F4D1AA300925D3B /* PizzaWatchOs Extension.appex */; settings = {ATTRIBUTES = (RemoveHeadersOnCopy, ); }; };
		BF86C9101F4D1AA300925D3B /* InterfaceController.swift in Sources */ = {isa = PBXBuildFile; fileRef = BF86C90F1F4D1AA300925D3B /* InterfaceController.swift */; };
		BF86C9121F4D1AA300925D3B /* ExtensionDelegate.swift in Sources */ = {isa = PBXBuildFile; fileRef = BF86C9111F4D1AA300925D3B /* ExtensionDelegate.swift */; };
		BF86C9141F4D1AA300925D3B /* Assets.xcassets in Resources */ = {isa = PBXBuildFile; fileRef = BF86C9131F4D1AA300925D3B /* Assets.xcassets */; };
		BF86C9181F4D1AA300925D3B /* PizzaWatchOs.app in Embed Watch Content */ = {isa = PBXBuildFile; fileRef = BF86C8FE1F4D1AA300925D3B /* PizzaWatchOs.app */; };
		BF86C9221F4D1FA300925D3B /* PizzaSizeController.swift in Sources */ = {isa = PBXBuildFile; fileRef = BF86C9211F4D1FA300925D3B /* PizzaSizeController.swift */; };
		BF86C9241F4D220500925D3B /* PizzaDoughController.swift in Sources */ = {isa = PBXBuildFile; fileRef = BF86C9231F4D220500925D3B /* PizzaDoughController.swift */; };
		BF86C9281F4D322100925D3B /* Pizza.swift in Sources */ = {isa = PBXBuildFile; fileRef = BF86C9271F4D322100925D3B /* Pizza.swift */; };
		BF86C92A1F4D372100925D3B /* PizzaCheeseController.swift in Sources */ = {isa = PBXBuildFile; fileRef = BF86C9291F4D372100925D3B /* PizzaCheeseController.swift */; };
		BF86C92C1F4D38B800925D3B /* IngredientsController.swift in Sources */ = {isa = PBXBuildFile; fileRef = BF86C92B1F4D38B800925D3B /* IngredientsController.swift */; };
		BF86C92E1F4D397C00925D3B /* ConfirmController.swift in Sources */ = {isa = PBXBuildFile; fileRef = BF86C92D1F4D397C00925D3B /* ConfirmController.swift */; };
/* End PBXBuildFile section */

/* Begin PBXContainerItemProxy section */
		BF86C90C1F4D1AA300925D3B /* PBXContainerItemProxy */ = {
			isa = PBXContainerItemProxy;
			containerPortal = BF05034E1F48AF04003A8750 /* Project object */;
			proxyType = 1;
			remoteGlobalIDString = BF86C9091F4D1AA300925D3B;
			remoteInfo = "PizzaWatchOs Extension";
		};
		BF86C9161F4D1AA300925D3B /* PBXContainerItemProxy */ = {
			isa = PBXContainerItemProxy;
			containerPortal = BF05034E1F48AF04003A8750 /* Project object */;
			proxyType = 1;
			remoteGlobalIDString = BF86C8FD1F4D1AA300925D3B;
			remoteInfo = PizzaWatchOs;
		};
/* End PBXContainerItemProxy section */

/* Begin PBXCopyFilesBuildPhase section */
		BF0503851F48D18E003A8750 /* Embed Frameworks */ = {
			isa = PBXCopyFilesBuildPhase;
			buildActionMask = 2147483647;
			dstPath = "";
			dstSubfolderSpec = 10;
			files = (
			);
			name = "Embed Frameworks";
			runOnlyForDeploymentPostprocessing = 0;
		};
		BF86C91E1F4D1AA300925D3B /* Embed App Extensions */ = {
			isa = PBXCopyFilesBuildPhase;
			buildActionMask = 2147483647;
			dstPath = "";
			dstSubfolderSpec = 13;
			files = (
				BF86C90B1F4D1AA300925D3B /* PizzaWatchOs Extension.appex in Embed App Extensions */,
			);
			name = "Embed App Extensions";
			runOnlyForDeploymentPostprocessing = 0;
		};
		BF86C9201F4D1AA300925D3B /* Embed Watch Content */ = {
			isa = PBXCopyFilesBuildPhase;
			buildActionMask = 2147483647;
			dstPath = "$(CONTENTS_FOLDER_PATH)/Watch";
			dstSubfolderSpec = 16;
			files = (
				BF86C9181F4D1AA300925D3B /* PizzaWatchOs.app in Embed Watch Content */,
			);
			name = "Embed Watch Content";
			runOnlyForDeploymentPostprocessing = 0;
		};
/* End PBXCopyFilesBuildPhase section */

/* Begin PBXFileReference section */
		BF0503561F48AF04003A8750 /* Pizza.app */ = {isa = PBXFileReference; explicitFileType = wrapper.application; includeInIndex = 0; path = Pizza.app; sourceTree = BUILT_PRODUCTS_DIR; };
		BF0503591F48AF04003A8750 /* AppDelegate.swift */ = {isa = PBXFileReference; lastKnownFileType = sourcecode.swift; path = AppDelegate.swift; sourceTree = "<group>"; };
		BF05035B1F48AF04003A8750 /* ViewController.swift */ = {isa = PBXFileReference; lastKnownFileType = sourcecode.swift; path = ViewController.swift; sourceTree = "<group>"; };
		BF05035E1F48AF04003A8750 /* Base */ = {isa = PBXFileReference; lastKnownFileType = file.storyboard; name = Base; path = Base.lproj/Main.storyboard; sourceTree = "<group>"; };
		BF0503601F48AF04003A8750 /* Assets.xcassets */ = {isa = PBXFileReference; lastKnownFileType = folder.assetcatalog; path = Assets.xcassets; sourceTree = "<group>"; };
		BF0503631F48AF04003A8750 /* Base */ = {isa = PBXFileReference; lastKnownFileType = file.storyboard; name = Base; path = Base.lproj/LaunchScreen.storyboard; sourceTree = "<group>"; };
		BF0503651F48AF04003A8750 /* Info.plist */ = {isa = PBXFileReference; lastKnownFileType = text.plist.xml; path = Info.plist; sourceTree = "<group>"; };
		BF05036C1F48B5A3003A8750 /* Pizza.swift */ = {isa = PBXFileReference; fileEncoding = 4; lastKnownFileType = sourcecode.swift; path = Pizza.swift; sourceTree = "<group>"; };
		BF05036E1F48B70D003A8750 /* PizzaSizeViewController.swift */ = {isa = PBXFileReference; fileEncoding = 4; lastKnownFileType = sourcecode.swift; path = PizzaSizeViewController.swift; sourceTree = "<group>"; };
		BF0503781F48BF69003A8750 /* PizzaDoughViewController.swift */ = {isa = PBXFileReference; fileEncoding = 4; lastKnownFileType = sourcecode.swift; path = PizzaDoughViewController.swift; sourceTree = SOURCE_ROOT; };
		BF05037A1F48C289003A8750 /* PizzaCheeseViewController.swift */ = {isa = PBXFileReference; fileEncoding = 4; lastKnownFileType = sourcecode.swift; path = PizzaCheeseViewController.swift; sourceTree = "<group>"; };
		BF05037C1F48C2CE003A8750 /* PizzaIngredientsViewController.swift */ = {isa = PBXFileReference; fileEncoding = 4; lastKnownFileType = sourcecode.swift; path = PizzaIngredientsViewController.swift; sourceTree = "<group>"; };
		BF05037E1F48C311003A8750 /* PizzaConfirmViewController.swift */ = {isa = PBXFileReference; fileEncoding = 4; lastKnownFileType = sourcecode.swift; path = PizzaConfirmViewController.swift; sourceTree = "<group>"; };
		BF05038C1F48D36A003A8750 /* AKRadioButtonsController.swift */ = {isa = PBXFileReference; fileEncoding = 4; lastKnownFileType = sourcecode.swift; path = AKRadioButtonsController.swift; sourceTree = "<group>"; };
		BF05038E1F4927F9003A8750 /* CheckBox.swift */ = {isa = PBXFileReference; fileEncoding = 4; lastKnownFileType = sourcecode.swift; path = CheckBox.swift; sourceTree = "<group>"; };
		BF86C8FE1F4D1AA300925D3B /* PizzaWatchOs.app */ = {isa = PBXFileReference; explicitFileType = wrapper.application; includeInIndex = 0; path = PizzaWatchOs.app; sourceTree = BUILT_PRODUCTS_DIR; };
		BF86C9011F4D1AA300925D3B /* Base */ = {isa = PBXFileReference; lastKnownFileType = file.storyboard; name = Base; path = Base.lproj/Interface.storyboard; sourceTree = "<group>"; };
		BF86C9031F4D1AA300925D3B /* Assets.xcassets */ = {isa = PBXFileReference; lastKnownFileType = folder.assetcatalog; path = Assets.xcassets; sourceTree = "<group>"; };
		BF86C9051F4D1AA300925D3B /* Info.plist */ = {isa = PBXFileReference; lastKnownFileType = text.plist.xml; path = Info.plist; sourceTree = "<group>"; };
		BF86C90A1F4D1AA300925D3B /* PizzaWatchOs Extension.appex */ = {isa = PBXFileReference; explicitFileType = "wrapper.app-extension"; includeInIndex = 0; path = "PizzaWatchOs Extension.appex"; sourceTree = BUILT_PRODUCTS_DIR; };
		BF86C90F1F4D1AA300925D3B /* InterfaceController.swift */ = {isa = PBXFileReference; lastKnownFileType = sourcecode.swift; path = InterfaceController.swift; sourceTree = "<group>"; };
		BF86C9111F4D1AA300925D3B /* ExtensionDelegate.swift */ = {isa = PBXFileReference; lastKnownFileType = sourcecode.swift; path = ExtensionDelegate.swift; sourceTree = "<group>"; };
		BF86C9131F4D1AA300925D3B /* Assets.xcassets */ = {isa = PBXFileReference; lastKnownFileType = folder.assetcatalog; path = Assets.xcassets; sourceTree = "<group>"; };
		BF86C9151F4D1AA300925D3B /* Info.plist */ = {isa = PBXFileReference; lastKnownFileType = text.plist.xml; path = Info.plist; sourceTree = "<group>"; };
		BF86C9211F4D1FA300925D3B /* PizzaSizeController.swift */ = {isa = PBXFileReference; fileEncoding = 4; lastKnownFileType = sourcecode.swift; path = PizzaSizeController.swift; sourceTree = "<group>"; };
		BF86C9231F4D220500925D3B /* PizzaDoughController.swift */ = {isa = PBXFileReference; fileEncoding = 4; lastKnownFileType = sourcecode.swift; path = PizzaDoughController.swift; sourceTree = "<group>"; };
		BF86C9271F4D322100925D3B /* Pizza.swift */ = {isa = PBXFileReference; fileEncoding = 4; lastKnownFileType = sourcecode.swift; path = Pizza.swift; sourceTree = "<group>"; };
		BF86C9291F4D372100925D3B /* PizzaCheeseController.swift */ = {isa = PBXFileReference; fileEncoding = 4; lastKnownFileType = sourcecode.swift; path = PizzaCheeseController.swift; sourceTree = "<group>"; };
		BF86C92B1F4D38B800925D3B /* IngredientsController.swift */ = {isa = PBXFileReference; fileEncoding = 4; lastKnownFileType = sourcecode.swift; path = IngredientsController.swift; sourceTree = "<group>"; };
		BF86C92D1F4D397C00925D3B /* ConfirmController.swift */ = {isa = PBXFileReference; fileEncoding = 4; lastKnownFileType = sourcecode.swift; path = ConfirmController.swift; sourceTree = "<group>"; };
/* End PBXFileReference section */

/* Begin PBXFrameworksBuildPhase section */
		BF0503531F48AF04003A8750 /* Frameworks */ = {
			isa = PBXFrameworksBuildPhase;
			buildActionMask = 2147483647;
			files = (
			);
			runOnlyForDeploymentPostprocessing = 0;
		};
		BF86C9071F4D1AA300925D3B /* Frameworks */ = {
			isa = PBXFrameworksBuildPhase;
			buildActionMask = 2147483647;
			files = (
			);
			runOnlyForDeploymentPostprocessing = 0;
		};
/* End PBXFrameworksBuildPhase section */

/* Begin PBXGroup section */
		BF05034D1F48AF04003A8750 = {
			isa = PBXGroup;
			children = (
				BF0503581F48AF04003A8750 /* Pizza */,
				BF86C8FF1F4D1AA300925D3B /* PizzaWatchOs */,
				BF86C90E1F4D1AA300925D3B /* PizzaWatchOs Extension */,
				BF0503571F48AF04003A8750 /* Products */,
				BF0503801F48D0AE003A8750 /* Frameworks */,
			);
			sourceTree = "<group>";
		};
		BF0503571F48AF04003A8750 /* Products */ = {
			isa = PBXGroup;
			children = (
				BF0503561F48AF04003A8750 /* Pizza.app */,
				BF86C8FE1F4D1AA300925D3B /* PizzaWatchOs.app */,
				BF86C90A1F4D1AA300925D3B /* PizzaWatchOs Extension.appex */,
			);
			name = Products;
			sourceTree = "<group>";
		};
		BF0503581F48AF04003A8750 /* Pizza */ = {
			isa = PBXGroup;
			children = (
				BF05036B1F48B57D003A8750 /* Entities */,
				BF0503591F48AF04003A8750 /* AppDelegate.swift */,
				BF05035B1F48AF04003A8750 /* ViewController.swift */,
				BF05035D1F48AF04003A8750 /* Main.storyboard */,
				BF0503601F48AF04003A8750 /* Assets.xcassets */,
				BF0503621F48AF04003A8750 /* LaunchScreen.storyboard */,
				BF0503651F48AF04003A8750 /* Info.plist */,
				BF0503781F48BF69003A8750 /* PizzaDoughViewController.swift */,
				BF05036E1F48B70D003A8750 /* PizzaSizeViewController.swift */,
				BF05037A1F48C289003A8750 /* PizzaCheeseViewController.swift */,
				BF05037C1F48C2CE003A8750 /* PizzaIngredientsViewController.swift */,
				BF05037E1F48C311003A8750 /* PizzaConfirmViewController.swift */,
				BF05038C1F48D36A003A8750 /* AKRadioButtonsController.swift */,
				BF05038E1F4927F9003A8750 /* CheckBox.swift */,
			);
			path = Pizza;
			sourceTree = "<group>";
		};
		BF05036B1F48B57D003A8750 /* Entities */ = {
			isa = PBXGroup;
			children = (
				BF05036C1F48B5A3003A8750 /* Pizza.swift */,
			);
			name = Entities;
			sourceTree = "<group>";
		};
		BF0503801F48D0AE003A8750 /* Frameworks */ = {
			isa = PBXGroup;
			children = (
			);
			name = Frameworks;
			sourceTree = "<group>";
		};
		BF86C8FF1F4D1AA300925D3B /* PizzaWatchOs */ = {
			isa = PBXGroup;
			children = (
				BF86C9001F4D1AA300925D3B /* Interface.storyboard */,
				BF86C9031F4D1AA300925D3B /* Assets.xcassets */,
				BF86C9051F4D1AA300925D3B /* Info.plist */,
			);
			path = PizzaWatchOs;
			sourceTree = "<group>";
		};
		BF86C90E1F4D1AA300925D3B /* PizzaWatchOs Extension */ = {
			isa = PBXGroup;
			children = (
				BF86C90F1F4D1AA300925D3B /* InterfaceController.swift */,
				BF86C9111F4D1AA300925D3B /* ExtensionDelegate.swift */,
				BF86C9131F4D1AA300925D3B /* Assets.xcassets */,
				BF86C9151F4D1AA300925D3B /* Info.plist */,
				BF86C9211F4D1FA300925D3B /* PizzaSizeController.swift */,
				BF86C9231F4D220500925D3B /* PizzaDoughController.swift */,
				BF86C9271F4D322100925D3B /* Pizza.swift */,
				BF86C9291F4D372100925D3B /* PizzaCheeseController.swift */,
				BF86C92B1F4D38B800925D3B /* IngredientsController.swift */,
				BF86C92D1F4D397C00925D3B /* ConfirmController.swift */,
			);
			path = "PizzaWatchOs Extension";
			sourceTree = "<group>";
		};
/* End PBXGroup section */

/* Begin PBXNativeTarget section */
		BF0503551F48AF04003A8750 /* Pizza */ = {
			isa = PBXNativeTarget;
			buildConfigurationList = BF0503681F48AF04003A8750 /* Build configuration list for PBXNativeTarget "Pizza" */;
			buildPhases = (
				BF0503521F48AF04003A8750 /* Sources */,
				BF0503531F48AF04003A8750 /* Frameworks */,
				BF0503541F48AF04003A8750 /* Resources */,
				BF0503851F48D18E003A8750 /* Embed Frameworks */,
				BF86C9201F4D1AA300925D3B /* Embed Watch Content */,
			);
			buildRules = (
			);
			dependencies = (
				BF86C9171F4D1AA300925D3B /* PBXTargetDependency */,
			);
			name = Pizza;
			productName = Pizza;
			productReference = BF0503561F48AF04003A8750 /* Pizza.app */;
			productType = "com.apple.product-type.application";
		};
		BF86C8FD1F4D1AA300925D3B /* PizzaWatchOs */ = {
			isa = PBXNativeTarget;
			buildConfigurationList = BF86C91F1F4D1AA300925D3B /* Build configuration list for PBXNativeTarget "PizzaWatchOs" */;
			buildPhases = (
				BF86C8FC1F4D1AA300925D3B /* Resources */,
				BF86C91E1F4D1AA300925D3B /* Embed App Extensions */,
			);
			buildRules = (
			);
			dependencies = (
				BF86C90D1F4D1AA300925D3B /* PBXTargetDependency */,
			);
			name = PizzaWatchOs;
			productName = PizzaWatchOs;
			productReference = BF86C8FE1F4D1AA300925D3B /* PizzaWatchOs.app */;
			productType = "com.apple.product-type.application.watchapp2";
		};
		BF86C9091F4D1AA300925D3B /* PizzaWatchOs Extension */ = {
			isa = PBXNativeTarget;
			buildConfigurationList = BF86C91D1F4D1AA300925D3B /* Build configuration list for PBXNativeTarget "PizzaWatchOs Extension" */;
			buildPhases = (
				BF86C9061F4D1AA300925D3B /* Sources */,
				BF86C9071F4D1AA300925D3B /* Frameworks */,
				BF86C9081F4D1AA300925D3B /* Resources */,
			);
			buildRules = (
			);
			dependencies = (
			);
			name = "PizzaWatchOs Extension";
			productName = "PizzaWatchOs Extension";
			productReference = BF86C90A1F4D1AA300925D3B /* PizzaWatchOs Extension.appex */;
			productType = "com.apple.product-type.watchkit2-extension";
		};
/* End PBXNativeTarget section */

/* Begin PBXProject section */
		BF05034E1F48AF04003A8750 /* Project object */ = {
			isa = PBXProject;
			attributes = {
				LastSwiftUpdateCheck = 0830;
				LastUpgradeCheck = 0830;
				ORGANIZATIONNAME = "Erik Basto Segovia";
				TargetAttributes = {
					BF0503551F48AF04003A8750 = {
						CreatedOnToolsVersion = 8.3.3;
						LastSwiftMigration = 0830;
						ProvisioningStyle = Automatic;
					};
					BF86C8FD1F4D1AA300925D3B = {
						CreatedOnToolsVersion = 8.3.3;
						ProvisioningStyle = Automatic;
					};
					BF86C9091F4D1AA300925D3B = {
						CreatedOnToolsVersion = 8.3.3;
						ProvisioningStyle = Automatic;
					};
				};
			};
			buildConfigurationList = BF0503511F48AF04003A8750 /* Build configuration list for PBXProject "Pizza" */;
			compatibilityVersion = "Xcode 3.2";
			developmentRegion = English;
			hasScannedForEncodings = 0;
			knownRegions = (
				en,
				Base,
			);
			mainGroup = BF05034D1F48AF04003A8750;
			productRefGroup = BF0503571F48AF04003A8750 /* Products */;
			projectDirPath = "";
			projectRoot = "";
			targets = (
				BF0503551F48AF04003A8750 /* Pizza */,
				BF86C8FD1F4D1AA300925D3B /* PizzaWatchOs */,
				BF86C9091F4D1AA300925D3B /* PizzaWatchOs Extension */,
			);
		};
/* End PBXProject section */

/* Begin PBXResourcesBuildPhase section */
		BF0503541F48AF04003A8750 /* Resources */ = {
			isa = PBXResourcesBuildPhase;
			buildActionMask = 2147483647;
			files = (
				BF0503641F48AF04003A8750 /* LaunchScreen.storyboard in Resources */,
				BF0503611F48AF04003A8750 /* Assets.xcassets in Resources */,
				BF05035F1F48AF04003A8750 /* Main.storyboard in Resources */,
			);
			runOnlyForDeploymentPostprocessing = 0;
		};
		BF86C8FC1F4D1AA300925D3B /* Resources */ = {
			isa = PBXResourcesBuildPhase;
			buildActionMask = 2147483647;
			files = (
				BF86C9041F4D1AA300925D3B /* Assets.xcassets in Resources */,
				BF86C9021F4D1AA300925D3B /* Interface.storyboard in Resources */,
			);
			runOnlyForDeploymentPostprocessing = 0;
		};
		BF86C9081F4D1AA300925D3B /* Resources */ = {
			isa = PBXResourcesBuildPhase;
			buildActionMask = 2147483647;
			files = (
				BF86C9141F4D1AA300925D3B /* Assets.xcassets in Resources */,
			);
			runOnlyForDeploymentPostprocessing = 0;
		};
/* End PBXResourcesBuildPhase section */

/* Begin PBXSourcesBuildPhase section */
		BF0503521F48AF04003A8750 /* Sources */ = {
			isa = PBXSourcesBuildPhase;
			buildActionMask = 2147483647;
			files = (
				BF05037D1F48C2CE003A8750 /* PizzaIngredientsViewController.swift in Sources */,
				BF05036F1F48B70D003A8750 /* PizzaSizeViewController.swift in Sources */,
				BF05038D1F48D36A003A8750 /* AKRadioButtonsController.swift in Sources */,
				BF05038F1F4927F9003A8750 /* CheckBox.swift in Sources */,
				BF05037F1F48C311003A8750 /* PizzaConfirmViewController.swift in Sources */,
				BF05035C1F48AF04003A8750 /* ViewController.swift in Sources */,
				BF05037B1F48C289003A8750 /* PizzaCheeseViewController.swift in Sources */,
				BF0503791F48BF69003A8750 /* PizzaDoughViewController.swift in Sources */,
				BF05035A1F48AF04003A8750 /* AppDelegate.swift in Sources */,
				BF05036D1F48B5A3003A8750 /* Pizza.swift in Sources */,
			);
			runOnlyForDeploymentPostprocessing = 0;
		};
		BF86C9061F4D1AA300925D3B /* Sources */ = {
			isa = PBXSourcesBuildPhase;
			buildActionMask = 2147483647;
			files = (
				BF86C9121F4D1AA300925D3B /* ExtensionDelegate.swift in Sources */,
				BF86C92C1F4D38B800925D3B /* IngredientsController.swift in Sources */,
				BF86C9101F4D1AA300925D3B /* InterfaceController.swift in Sources */,
				BF86C9241F4D220500925D3B /* PizzaDoughController.swift in Sources */,
				BF86C92E1F4D397C00925D3B /* ConfirmController.swift in Sources */,
				BF86C9281F4D322100925D3B /* Pizza.swift in Sources */,
				BF86C9221F4D1FA300925D3B /* PizzaSizeController.swift in Sources */,
				BF86C92A1F4D372100925D3B /* PizzaCheeseController.swift in Sources */,
			);
			runOnlyForDeploymentPostprocessing = 0;
		};
/* End PBXSourcesBuildPhase section */

/* Begin PBXTargetDependency section */
		BF86C90D1F4D1AA300925D3B /* PBXTargetDependency */ = {
			isa = PBXTargetDependency;
			target = BF86C9091F4D1AA300925D3B /* PizzaWatchOs Extension */;
			targetProxy = BF86C90C1F4D1AA300925D3B /* PBXContainerItemProxy */;
		};
		BF86C9171F4D1AA300925D3B /* PBXTargetDependency */ = {
			isa = PBXTargetDependency;
			target = BF86C8FD1F4D1AA300925D3B /* PizzaWatchOs */;
			targetProxy = BF86C9161F4D1AA300925D3B /* PBXContainerItemProxy */;
		};
/* End PBXTargetDependency section */

/* Begin PBXVariantGroup section */
		BF05035D1F48AF04003A8750 /* Main.storyboard */ = {
			isa = PBXVariantGroup;
			children = (
				BF05035E1F48AF04003A8750 /* Base */,
			);
			name = Main.storyboard;
			sourceTree = "<group>";
		};
		BF0503621F48AF04003A8750 /* LaunchScreen.storyboard */ = {
			isa = PBXVariantGroup;
			children = (
				BF0503631F48AF04003A8750 /* Base */,
			);
			name = LaunchScreen.storyboard;
			sourceTree = "<group>";
		};
		BF86C9001F4D1AA300925D3B /* Interface.storyboard */ = {
			isa = PBXVariantGroup;
			children = (
				BF86C9011F4D1AA300925D3B /* Base */,
			);
			name = Interface.storyboard;
			sourceTree = "<group>";
		};
/* End PBXVariantGroup section */

/* Begin XCBuildConfiguration section */
		BF0503661F48AF04003A8750 /* Debug */ = {
			isa = XCBuildConfiguration;
			buildSettings = {
				ALWAYS_SEARCH_USER_PATHS = NO;
				CLANG_ANALYZER_NONNULL = YES;
				CLANG_ANALYZER_NUMBER_OBJECT_CONVERSION = YES_AGGRESSIVE;
				CLANG_CXX_LANGUAGE_STANDARD = "gnu++0x";
				CLANG_CXX_LIBRARY = "libc++";
				CLANG_ENABLE_MODULES = YES;
				CLANG_ENABLE_OBJC_ARC = YES;
				CLANG_WARN_BOOL_CONVERSION = YES;
				CLANG_WARN_CONSTANT_CONVERSION = YES;
				CLANG_WARN_DIRECT_OBJC_ISA_USAGE = YES_ERROR;
				CLANG_WARN_DOCUMENTATION_COMMENTS = YES;
				CLANG_WARN_EMPTY_BODY = YES;
				CLANG_WARN_ENUM_CONVERSION = YES;
				CLANG_WARN_INFINITE_RECURSION = YES;
				CLANG_WARN_INT_CONVERSION = YES;
				CLANG_WARN_OBJC_ROOT_CLASS = YES_ERROR;
				CLANG_WARN_SUSPICIOUS_MOVE = YES;
				CLANG_WARN_UNREACHABLE_CODE = YES;
				CLANG_WARN__DUPLICATE_METHOD_MATCH = YES;
				"CODE_SIGN_IDENTITY[sdk=iphoneos*]" = "iPhone Developer";
				COPY_PHASE_STRIP = NO;
				DEBUG_INFORMATION_FORMAT = dwarf;
				ENABLE_STRICT_OBJC_MSGSEND = YES;
				ENABLE_TESTABILITY = YES;
				GCC_C_LANGUAGE_STANDARD = gnu99;
				GCC_DYNAMIC_NO_PIC = NO;
				GCC_NO_COMMON_BLOCKS = YES;
				GCC_OPTIMIZATION_LEVEL = 0;
				GCC_PREPROCESSOR_DEFINITIONS = (
					"DEBUG=1",
					"$(inherited)",
				);
				GCC_WARN_64_TO_32_BIT_CONVERSION = YES;
				GCC_WARN_ABOUT_RETURN_TYPE = YES_ERROR;
				GCC_WARN_UNDECLARED_SELECTOR = YES;
				GCC_WARN_UNINITIALIZED_AUTOS = YES_AGGRESSIVE;
				GCC_WARN_UNUSED_FUNCTION = YES;
				GCC_WARN_UNUSED_VARIABLE = YES;
				IPHONEOS_DEPLOYMENT_TARGET = 10.3;
				MTL_ENABLE_DEBUG_INFO = YES;
				ONLY_ACTIVE_ARCH = YES;
				SDKROOT = iphoneos;
				SWIFT_ACTIVE_COMPILATION_CONDITIONS = DEBUG;
				SWIFT_OPTIMIZATION_LEVEL = "-Onone";
			};
			name = Debug;
		};
		BF0503671F48AF04003A8750 /* Release */ = {
			isa = XCBuildConfiguration;
			buildSettings = {
				ALWAYS_SEARCH_USER_PATHS = NO;
				CLANG_ANALYZER_NONNULL = YES;
				CLANG_ANALYZER_NUMBER_OBJECT_CONVERSION = YES_AGGRESSIVE;
				CLANG_CXX_LANGUAGE_STANDARD = "gnu++0x";
				CLANG_CXX_LIBRARY = "libc++";
				CLANG_ENABLE_MODULES = YES;
				CLANG_ENABLE_OBJC_ARC = YES;
				CLANG_WARN_BOOL_CONVERSION = YES;
				CLANG_WARN_CONSTANT_CONVERSION = YES;
				CLANG_WARN_DIRECT_OBJC_ISA_USAGE = YES_ERROR;
				CLANG_WARN_DOCUMENTATION_COMMENTS = YES;
				CLANG_WARN_EMPTY_BODY = YES;
				CLANG_WARN_ENUM_CONVERSION = YES;
				CLANG_WARN_INFINITE_RECURSION = YES;
				CLANG_WARN_INT_CONVERSION = YES;
				CLANG_WARN_OBJC_ROOT_CLASS = YES_ERROR;
				CLANG_WARN_SUSPICIOUS_MOVE = YES;
				CLANG_WARN_UNREACHABLE_CODE = YES;
				CLANG_WARN__DUPLICATE_METHOD_MATCH = YES;
				"CODE_SIGN_IDENTITY[sdk=iphoneos*]" = "iPhone Developer";
				COPY_PHASE_STRIP = NO;
				DEBUG_INFORMATION_FORMAT = "dwarf-with-dsym";
				ENABLE_NS_ASSERTIONS = NO;
				ENABLE_STRICT_OBJC_MSGSEND = YES;
				GCC_C_LANGUAGE_STANDARD = gnu99;
				GCC_NO_COMMON_BLOCKS = YES;
				GCC_WARN_64_TO_32_BIT_CONVERSION = YES;
				GCC_WARN_ABOUT_RETURN_TYPE = YES_ERROR;
				GCC_WARN_UNDECLARED_SELECTOR = YES;
				GCC_WARN_UNINITIALIZED_AUTOS = YES_AGGRESSIVE;
				GCC_WARN_UNUSED_FUNCTION = YES;
				GCC_WARN_UNUSED_VARIABLE = YES;
				IPHONEOS_DEPLOYMENT_TARGET = 10.3;
				MTL_ENABLE_DEBUG_INFO = NO;
				SDKROOT = iphoneos;
				SWIFT_OPTIMIZATION_LEVEL = "-Owholemodule";
				VALIDATE_PRODUCT = YES;
			};
			name = Release;
		};
		BF0503691F48AF04003A8750 /* Debug */ = {
			isa = XCBuildConfiguration;
			buildSettings = {
				ASSETCATALOG_COMPILER_APPICON_NAME = AppIcon;
				CLANG_ENABLE_MODULES = YES;
				INFOPLIST_FILE = Pizza/Info.plist;
				LD_RUNPATH_SEARCH_PATHS = "$(inherited) @executable_path/Frameworks";
				PRODUCT_BUNDLE_IDENTIFIER = com.kubicsoft.Pizza;
				PRODUCT_NAME = "$(TARGET_NAME)";
				SWIFT_OPTIMIZATION_LEVEL = "-Onone";
				SWIFT_VERSION = 3.0;
			};
			name = Debug;
		};
		BF05036A1F48AF04003A8750 /* Release */ = {
			isa = XCBuildConfiguration;
			buildSettings = {
				ASSETCATALOG_COMPILER_APPICON_NAME = AppIcon;
				CLANG_ENABLE_MODULES = YES;
				INFOPLIST_FILE = Pizza/Info.plist;
				LD_RUNPATH_SEARCH_PATHS = "$(inherited) @executable_path/Frameworks";
				PRODUCT_BUNDLE_IDENTIFIER = com.kubicsoft.Pizza;
				PRODUCT_NAME = "$(TARGET_NAME)";
				SWIFT_VERSION = 3.0;
			};
			name = Release;
		};
		BF86C9191F4D1AA300925D3B /* Debug */ = {
			isa = XCBuildConfiguration;
			buildSettings = {
				ALWAYS_EMBED_SWIFT_STANDARD_LIBRARIES = YES;
				ASSETCATALOG_COMPILER_APPICON_NAME = AppIcon;
				IBSC_MODULE = PizzaWatchOs_Extension;
				INFOPLIST_FILE = PizzaWatchOs/Info.plist;
				PRODUCT_BUNDLE_IDENTIFIER = com.kubicsoft.Pizza.watchkitapp;
				PRODUCT_NAME = "$(TARGET_NAME)";
				SDKROOT = watchos;
				SKIP_INSTALL = YES;
				SWIFT_VERSION = 3.0;
				TARGETED_DEVICE_FAMILY = 4;
				WATCHOS_DEPLOYMENT_TARGET = 3.2;
			};
			name = Debug;
		};
		BF86C91A1F4D1AA300925D3B /* Release */ = {
			isa = XCBuildConfiguration;
			buildSettings = {
				ALWAYS_EMBED_SWIFT_STANDARD_LIBRARIES = YES;
				ASSETCATALOG_COMPILER_APPICON_NAME = AppIcon;
				IBSC_MODULE = PizzaWatchOs_Extension;
				INFOPLIST_FILE = PizzaWatchOs/Info.plist;
				PRODUCT_BUNDLE_IDENTIFIER = com.kubicsoft.Pizza.watchkitapp;
				PRODUCT_NAME = "$(TARGET_NAME)";
				SDKROOT = watchos;
				SKIP_INSTALL = YES;
				SWIFT_VERSION = 3.0;
				TARGETED_DEVICE_FAMILY = 4;
				WATCHOS_DEPLOYMENT_TARGET = 3.2;
			};
			name = Release;
		};
		BF86C91B1F4D1AA300925D3B /* Debug */ = {
			isa = XCBuildConfiguration;
			buildSettings = {
				ASSETCATALOG_COMPILER_COMPLICATION_NAME = Complication;
				INFOPLIST_FILE = "PizzaWatchOs Extension/Info.plist";
				LD_RUNPATH_SEARCH_PATHS = "$(inherited) @executable_path/Frameworks @executable_path/../../Frameworks";
				PRODUCT_BUNDLE_IDENTIFIER = com.kubicsoft.Pizza.watchkitapp.watchkitextension;
				PRODUCT_NAME = "${TARGET_NAME}";
				SDKROOT = watchos;
				SKIP_INSTALL = YES;
				SWIFT_VERSION = 3.0;
				TARGETED_DEVICE_FAMILY = 4;
				WATCHOS_DEPLOYMENT_TARGET = 3.2;
			};
			name = Debug;
		};
		BF86C91C1F4D1AA300925D3B /* Release */ = {
			isa = XCBuildConfiguration;
			buildSettings = {
				ASSETCATALOG_COMPILER_COMPLICATION_NAME = Complication;
				INFOPLIST_FILE = "PizzaWatchOs Extension/Info.plist";
				LD_RUNPATH_SEARCH_PATHS = "$(inherited) @executable_path/Frameworks @executable_path/../../Frameworks";
				PRODUCT_BUNDLE_IDENTIFIER = com.kubicsoft.Pizza.watchkitapp.watchkitextension;
				PRODUCT_NAME = "${TARGET_NAME}";
				SDKROOT = watchos;
				SKIP_INSTALL = YES;
				SWIFT_VERSION = 3.0;
				TARGETED_DEVICE_FAMILY = 4;
				WATCHOS_DEPLOYMENT_TARGET = 3.2;
			};
			name = Release;
		};
/* End XCBuildConfiguration section */

/* Begin XCConfigurationList section */
		BF0503511F48AF04003A8750 /* Build configuration list for PBXProject "Pizza" */ = {
			isa = XCConfigurationList;
			buildConfigurations = (
				BF0503661F48AF04003A8750 /* Debug */,
				BF0503671F48AF04003A8750 /* Release */,
			);
			defaultConfigurationIsVisible = 0;
			defaultConfigurationName = Release;
		};
		BF0503681F48AF04003A8750 /* Build configuration list for PBXNativeTarget "Pizza" */ = {
			isa = XCConfigurationList;
			buildConfigurations = (
				BF0503691F48AF04003A8750 /* Debug */,
				BF05036A1F48AF04003A8750 /* Release */,
			);
			defaultConfigurationIsVisible = 0;
			defaultConfigurationName = Release;
		};
		BF86C91D1F4D1AA300925D3B /* Build configuration list for PBXNativeTarget "PizzaWatchOs Extension" */ = {
			isa = XCConfigurationList;
			buildConfigurations = (
				BF86C91B1F4D1AA300925D3B /* Debug */,
				BF86C91C1F4D1AA300925D3B /* Release */,
			);
			defaultConfigurationIsVisible = 0;
		};
		BF86C91F1F4D1AA300925D3B /* Build configuration list for PBXNativeTarget "PizzaWatchOs" */ = {
			isa = XCConfigurationList;
			buildConfigurations = (
				BF86C9191F4D1AA300925D3B /* Debug */,
				BF86C91A1F4D1AA300925D3B /* Release */,
			);
			defaultConfigurationIsVisible = 0;
		};
/* End XCConfigurationList section */
	};
	rootObject = BF05034E1F48AF04003A8750 /* Project object */;
}
